// !$*UTF8*$!
{
	archiveVersion = 1;
	classes = {
	};
	objectVersion = 51;
	objects = {

/* Begin PBXBuildFile section */
		5BA8CB150DBC895FBE09B678 /* Pods_TripDiary.framework in Frameworks */ = {isa = PBXBuildFile; fileRef = 849AAD85F50480848A15F662 /* Pods_TripDiary.framework */; };
		6D35584725B325C900DB13E0 /* GoogleService-Info.plist in Resources */ = {isa = PBXBuildFile; fileRef = 6D35584625B325C900DB13E0 /* GoogleService-Info.plist */; };
		6D35586225B33A7C00DB13E0 /* Content.swift in Sources */ = {isa = PBXBuildFile; fileRef = 6D35586125B33A7C00DB13E0 /* Content.swift */; };
		6D35586625B33D2D00DB13E0 /* ContentCell.swift in Sources */ = {isa = PBXBuildFile; fileRef = 6D35586425B33D2D00DB13E0 /* ContentCell.swift */; };
		6D35586725B33D2D00DB13E0 /* ContentCell.xib in Resources */ = {isa = PBXBuildFile; fileRef = 6D35586525B33D2D00DB13E0 /* ContentCell.xib */; };
		6D35586E25B3426E00DB13E0 /* ContentViewController.swift in Sources */ = {isa = PBXBuildFile; fileRef = 6D35586D25B3426E00DB13E0 /* ContentViewController.swift */; };
		6D35587125B3477000DB13E0 /* Constants.swift in Sources */ = {isa = PBXBuildFile; fileRef = 6D35587025B3477000DB13E0 /* Constants.swift */; };
		6D35587425B3700200DB13E0 /* DetailTourViewController.swift in Sources */ = {isa = PBXBuildFile; fileRef = 6D35587325B3700200DB13E0 /* DetailTourViewController.swift */; };
		6D51E15C25AC7B06004CFFE1 /* FindPWViewController.swift in Sources */ = {isa = PBXBuildFile; fileRef = 6D51E15B25AC7B05004CFFE1 /* FindPWViewController.swift */; };
		6D9699A225B723D500D0B4BB /* APIManager.swift in Sources */ = {isa = PBXBuildFile; fileRef = 6D9699A125B723D500D0B4BB /* APIManager.swift */; };
		6D9699AD25B744D700D0B4BB /* LoginModel.swift in Sources */ = {isa = PBXBuildFile; fileRef = 6D9699AC25B744D700D0B4BB /* LoginModel.swift */; };
		6D9699BF25B76E9F00D0B4BB /* RegisterModel.swift in Sources */ = {isa = PBXBuildFile; fileRef = 6D9699BE25B76E9F00D0B4BB /* RegisterModel.swift */; };
		6D9699C425B8217B00D0B4BB /* DetailContentCell.swift in Sources */ = {isa = PBXBuildFile; fileRef = 6D9699C225B8217B00D0B4BB /* DetailContentCell.swift */; };
		6D9699C525B8217B00D0B4BB /* DetailContentCell.xib in Resources */ = {isa = PBXBuildFile; fileRef = 6D9699C325B8217B00D0B4BB /* DetailContentCell.xib */; };
		6DB829C825A8D17A007F7BA1 /* RegisterViewController.swift in Sources */ = {isa = PBXBuildFile; fileRef = 6DB829C725A8D17A007F7BA1 /* RegisterViewController.swift */; };
		6DE8404625AAF3A600AE930F /* NanumSquareOTF_acB.otf in Resources */ = {isa = PBXBuildFile; fileRef = 6DE8404225AAF3A500AE930F /* NanumSquareOTF_acB.otf */; };
		6DE8404725AAF3A600AE930F /* NanumSquareOTF_acEB.otf in Resources */ = {isa = PBXBuildFile; fileRef = 6DE8404325AAF3A500AE930F /* NanumSquareOTF_acEB.otf */; };
		6DE8404825AAF3A600AE930F /* NanumSquareOTF_acL.otf in Resources */ = {isa = PBXBuildFile; fileRef = 6DE8404425AAF3A500AE930F /* NanumSquareOTF_acL.otf */; };
		6DE8404925AAF3A600AE930F /* NanumSquareOTF_acR.otf in Resources */ = {isa = PBXBuildFile; fileRef = 6DE8404525AAF3A500AE930F /* NanumSquareOTF_acR.otf */; };
		6DFEC39F25A82EC5002D8194 /* AppDelegate.swift in Sources */ = {isa = PBXBuildFile; fileRef = 6DFEC39E25A82EC5002D8194 /* AppDelegate.swift */; };
		6DFEC3A125A82EC5002D8194 /* SceneDelegate.swift in Sources */ = {isa = PBXBuildFile; fileRef = 6DFEC3A025A82EC5002D8194 /* SceneDelegate.swift */; };
		6DFEC3A325A82EC5002D8194 /* MainViewController.swift in Sources */ = {isa = PBXBuildFile; fileRef = 6DFEC3A225A82EC5002D8194 /* MainViewController.swift */; };
		6DFEC3A625A82EC5002D8194 /* Main.storyboard in Resources */ = {isa = PBXBuildFile; fileRef = 6DFEC3A425A82EC5002D8194 /* Main.storyboard */; };
		6DFEC3A825A82EC6002D8194 /* Assets.xcassets in Resources */ = {isa = PBXBuildFile; fileRef = 6DFEC3A725A82EC6002D8194 /* Assets.xcassets */; };
		6DFEC3AB25A82EC6002D8194 /* LaunchScreen.storyboard in Resources */ = {isa = PBXBuildFile; fileRef = 6DFEC3A925A82EC6002D8194 /* LaunchScreen.storyboard */; };
		6DFEC3BA25A8595B002D8194 /* LoginViewController.swift in Sources */ = {isa = PBXBuildFile; fileRef = 6DFEC3B925A8595B002D8194 /* LoginViewController.swift */; };
/* End PBXBuildFile section */

/* Begin PBXFileReference section */
		6090B4ABC1EA3474821E18DD /* Pods-TripDiary.debug.xcconfig */ = {isa = PBXFileReference; includeInIndex = 1; lastKnownFileType = text.xcconfig; name = "Pods-TripDiary.debug.xcconfig"; path = "Target Support Files/Pods-TripDiary/Pods-TripDiary.debug.xcconfig"; sourceTree = "<group>"; };
		6D35584625B325C900DB13E0 /* GoogleService-Info.plist */ = {isa = PBXFileReference; fileEncoding = 4; lastKnownFileType = text.plist.xml; path = "GoogleService-Info.plist"; sourceTree = "<group>"; };
		6D35586125B33A7C00DB13E0 /* Content.swift */ = {isa = PBXFileReference; lastKnownFileType = sourcecode.swift; path = Content.swift; sourceTree = "<group>"; };
		6D35586425B33D2D00DB13E0 /* ContentCell.swift */ = {isa = PBXFileReference; lastKnownFileType = sourcecode.swift; path = ContentCell.swift; sourceTree = "<group>"; };
		6D35586525B33D2D00DB13E0 /* ContentCell.xib */ = {isa = PBXFileReference; lastKnownFileType = file.xib; path = ContentCell.xib; sourceTree = "<group>"; };
		6D35586D25B3426E00DB13E0 /* ContentViewController.swift */ = {isa = PBXFileReference; lastKnownFileType = sourcecode.swift; path = ContentViewController.swift; sourceTree = "<group>"; };
		6D35587025B3477000DB13E0 /* Constants.swift */ = {isa = PBXFileReference; lastKnownFileType = sourcecode.swift; path = Constants.swift; sourceTree = "<group>"; };
		6D35587325B3700200DB13E0 /* DetailTourViewController.swift */ = {isa = PBXFileReference; lastKnownFileType = sourcecode.swift; path = DetailTourViewController.swift; sourceTree = "<group>"; };
		6D51E15B25AC7B05004CFFE1 /* FindPWViewController.swift */ = {isa = PBXFileReference; lastKnownFileType = sourcecode.swift; path = FindPWViewController.swift; sourceTree = "<group>"; };
		6D9699A125B723D500D0B4BB /* APIManager.swift */ = {isa = PBXFileReference; lastKnownFileType = sourcecode.swift; path = APIManager.swift; sourceTree = "<group>"; };
		6D9699AC25B744D700D0B4BB /* LoginModel.swift */ = {isa = PBXFileReference; lastKnownFileType = sourcecode.swift; path = LoginModel.swift; sourceTree = "<group>"; };
		6D9699BE25B76E9F00D0B4BB /* RegisterModel.swift */ = {isa = PBXFileReference; lastKnownFileType = sourcecode.swift; path = RegisterModel.swift; sourceTree = "<group>"; };
		6D9699C225B8217B00D0B4BB /* DetailContentCell.swift */ = {isa = PBXFileReference; lastKnownFileType = sourcecode.swift; path = DetailContentCell.swift; sourceTree = "<group>"; };
		6D9699C325B8217B00D0B4BB /* DetailContentCell.xib */ = {isa = PBXFileReference; lastKnownFileType = file.xib; path = DetailContentCell.xib; sourceTree = "<group>"; };
		6DB829C725A8D17A007F7BA1 /* RegisterViewController.swift */ = {isa = PBXFileReference; lastKnownFileType = sourcecode.swift; path = RegisterViewController.swift; sourceTree = "<group>"; };
		6DE8404225AAF3A500AE930F /* NanumSquareOTF_acB.otf */ = {isa = PBXFileReference; lastKnownFileType = file; name = NanumSquareOTF_acB.otf; path = ../../../Downloads/Nanumsquare_ac_OTF/NanumSquareOTF_acB.otf; sourceTree = "<group>"; };
		6DE8404325AAF3A500AE930F /* NanumSquareOTF_acEB.otf */ = {isa = PBXFileReference; lastKnownFileType = file; name = NanumSquareOTF_acEB.otf; path = ../../../Downloads/Nanumsquare_ac_OTF/NanumSquareOTF_acEB.otf; sourceTree = "<group>"; };
		6DE8404425AAF3A500AE930F /* NanumSquareOTF_acL.otf */ = {isa = PBXFileReference; lastKnownFileType = file; name = NanumSquareOTF_acL.otf; path = ../../../Downloads/Nanumsquare_ac_OTF/NanumSquareOTF_acL.otf; sourceTree = "<group>"; };
		6DE8404525AAF3A500AE930F /* NanumSquareOTF_acR.otf */ = {isa = PBXFileReference; lastKnownFileType = file; name = NanumSquareOTF_acR.otf; path = ../../../Downloads/Nanumsquare_ac_OTF/NanumSquareOTF_acR.otf; sourceTree = "<group>"; };
		6DFEC39B25A82EC5002D8194 /* TripDiary.app */ = {isa = PBXFileReference; explicitFileType = wrapper.application; includeInIndex = 0; path = TripDiary.app; sourceTree = BUILT_PRODUCTS_DIR; };
		6DFEC39E25A82EC5002D8194 /* AppDelegate.swift */ = {isa = PBXFileReference; lastKnownFileType = sourcecode.swift; path = AppDelegate.swift; sourceTree = "<group>"; };
		6DFEC3A025A82EC5002D8194 /* SceneDelegate.swift */ = {isa = PBXFileReference; lastKnownFileType = sourcecode.swift; path = SceneDelegate.swift; sourceTree = "<group>"; };
		6DFEC3A225A82EC5002D8194 /* MainViewController.swift */ = {isa = PBXFileReference; lastKnownFileType = sourcecode.swift; path = MainViewController.swift; sourceTree = "<group>"; };
		6DFEC3A525A82EC5002D8194 /* Base */ = {isa = PBXFileReference; lastKnownFileType = file.storyboard; name = Base; path = Base.lproj/Main.storyboard; sourceTree = "<group>"; };
		6DFEC3A725A82EC6002D8194 /* Assets.xcassets */ = {isa = PBXFileReference; lastKnownFileType = folder.assetcatalog; path = Assets.xcassets; sourceTree = "<group>"; };
		6DFEC3AA25A82EC6002D8194 /* Base */ = {isa = PBXFileReference; lastKnownFileType = file.storyboard; name = Base; path = Base.lproj/LaunchScreen.storyboard; sourceTree = "<group>"; };
		6DFEC3AC25A82EC6002D8194 /* Info.plist */ = {isa = PBXFileReference; lastKnownFileType = text.plist.xml; path = Info.plist; sourceTree = "<group>"; };
		6DFEC3B925A8595B002D8194 /* LoginViewController.swift */ = {isa = PBXFileReference; lastKnownFileType = sourcecode.swift; path = LoginViewController.swift; sourceTree = "<group>"; };
		849AAD85F50480848A15F662 /* Pods_TripDiary.framework */ = {isa = PBXFileReference; explicitFileType = wrapper.framework; includeInIndex = 0; path = Pods_TripDiary.framework; sourceTree = BUILT_PRODUCTS_DIR; };
		F4926338650F78D8D9BEC70B /* Pods-TripDiary.release.xcconfig */ = {isa = PBXFileReference; includeInIndex = 1; lastKnownFileType = text.xcconfig; name = "Pods-TripDiary.release.xcconfig"; path = "Target Support Files/Pods-TripDiary/Pods-TripDiary.release.xcconfig"; sourceTree = "<group>"; };
/* End PBXFileReference section */

/* Begin PBXFrameworksBuildPhase section */
		6DFEC39825A82EC5002D8194 /* Frameworks */ = {
			isa = PBXFrameworksBuildPhase;
			buildActionMask = 2147483647;
			files = (
				5BA8CB150DBC895FBE09B678 /* Pods_TripDiary.framework in Frameworks */,
			);
			runOnlyForDeploymentPostprocessing = 0;
		};
/* End PBXFrameworksBuildPhase section */

/* Begin PBXGroup section */
		4C353ACCCDA72708E7633A60 /* Frameworks */ = {
			isa = PBXGroup;
			children = (
				849AAD85F50480848A15F662 /* Pods_TripDiary.framework */,
			);
			name = Frameworks;
			sourceTree = "<group>";
		};
		6D9699A025B7237F00D0B4BB /* APIManager */ = {
			isa = PBXGroup;
			children = (
				6D9699A125B723D500D0B4BB /* APIManager.swift */,
			);
			path = APIManager;
			sourceTree = "<group>";
		};
		6DFEC39225A82EC5002D8194 = {
			isa = PBXGroup;
			children = (
				6DFEC39D25A82EC5002D8194 /* TripDiary */,
				6DFEC39C25A82EC5002D8194 /* Products */,
				8ED61665A107725A5BD14D99 /* Pods */,
				4C353ACCCDA72708E7633A60 /* Frameworks */,
			);
			sourceTree = "<group>";
		};
		6DFEC39C25A82EC5002D8194 /* Products */ = {
			isa = PBXGroup;
			children = (
				6DFEC39B25A82EC5002D8194 /* TripDiary.app */,
			);
			name = Products;
			sourceTree = "<group>";
		};
		6DFEC39D25A82EC5002D8194 /* TripDiary */ = {
			isa = PBXGroup;
			children = (
				6D9699A025B7237F00D0B4BB /* APIManager */,
				6DFEC3B725A8555C002D8194 /* Models */,
				6DFEC3B525A8553E002D8194 /* Controllers */,
				6DFEC3B625A85552002D8194 /* Views */,
				6DFEC39E25A82EC5002D8194 /* AppDelegate.swift */,
				6DE8404225AAF3A500AE930F /* NanumSquareOTF_acB.otf */,
				6DE8404325AAF3A500AE930F /* NanumSquareOTF_acEB.otf */,
				6DE8404425AAF3A500AE930F /* NanumSquareOTF_acL.otf */,
				6DE8404525AAF3A500AE930F /* NanumSquareOTF_acR.otf */,
				6DFEC3A025A82EC5002D8194 /* SceneDelegate.swift */,
				6DFEC3A725A82EC6002D8194 /* Assets.xcassets */,
				6D35584625B325C900DB13E0 /* GoogleService-Info.plist */,
				6DFEC3A925A82EC6002D8194 /* LaunchScreen.storyboard */,
				6DFEC3AC25A82EC6002D8194 /* Info.plist */,
				6D35587025B3477000DB13E0 /* Constants.swift */,
			);
			path = TripDiary;
			sourceTree = "<group>";
		};
		6DFEC3B525A8553E002D8194 /* Controllers */ = {
			isa = PBXGroup;
			children = (
				6DFEC3A225A82EC5002D8194 /* MainViewController.swift */,
				6DFEC3B925A8595B002D8194 /* LoginViewController.swift */,
				6DB829C725A8D17A007F7BA1 /* RegisterViewController.swift */,
				6D51E15B25AC7B05004CFFE1 /* FindPWViewController.swift */,
				6D35586D25B3426E00DB13E0 /* ContentViewController.swift */,
				6D35587325B3700200DB13E0 /* DetailTourViewController.swift */,
			);
			path = Controllers;
			sourceTree = "<group>";
		};
		6DFEC3B625A85552002D8194 /* Views */ = {
			isa = PBXGroup;
			children = (
				6DFEC3A425A82EC5002D8194 /* Main.storyboard */,
				6D35586425B33D2D00DB13E0 /* ContentCell.swift */,
				6D35586525B33D2D00DB13E0 /* ContentCell.xib */,
				6D9699C225B8217B00D0B4BB /* DetailContentCell.swift */,
				6D9699C325B8217B00D0B4BB /* DetailContentCell.xib */,
			);
			path = Views;
			sourceTree = "<group>";
		};
		6DFEC3B725A8555C002D8194 /* Models */ = {
			isa = PBXGroup;
			children = (
				6D35586125B33A7C00DB13E0 /* Content.swift */,
				6D9699BE25B76E9F00D0B4BB /* RegisterModel.swift */,
				6D9699AC25B744D700D0B4BB /* LoginModel.swift */,
			);
			path = Models;
			sourceTree = "<group>";
		};
		8ED61665A107725A5BD14D99 /* Pods */ = {
			isa = PBXGroup;
			children = (
				6090B4ABC1EA3474821E18DD /* Pods-TripDiary.debug.xcconfig */,
				F4926338650F78D8D9BEC70B /* Pods-TripDiary.release.xcconfig */,
			);
			path = Pods;
			sourceTree = "<group>";
		};
/* End PBXGroup section */

/* Begin PBXNativeTarget section */
		6DFEC39A25A82EC5002D8194 /* TripDiary */ = {
			isa = PBXNativeTarget;
			buildConfigurationList = 6DFEC3AF25A82EC6002D8194 /* Build configuration list for PBXNativeTarget "TripDiary" */;
			buildPhases = (
				0C184AC6092BC371EED5F7BD /* [CP] Check Pods Manifest.lock */,
				6DFEC39725A82EC5002D8194 /* Sources */,
				6DFEC39825A82EC5002D8194 /* Frameworks */,
				6DFEC39925A82EC5002D8194 /* Resources */,
				6D1C8DF737A688476B02A451 /* [CP] Embed Pods Frameworks */,
			);
			buildRules = (
			);
			dependencies = (
			);
			name = TripDiary;
			productName = TripDiary;
			productReference = 6DFEC39B25A82EC5002D8194 /* TripDiary.app */;
			productType = "com.apple.product-type.application";
		};
/* End PBXNativeTarget section */

/* Begin PBXProject section */
		6DFEC39325A82EC5002D8194 /* Project object */ = {
			isa = PBXProject;
			attributes = {
				LastSwiftUpdateCheck = 1220;
				LastUpgradeCheck = 1220;
				TargetAttributes = {
					6DFEC39A25A82EC5002D8194 = {
						CreatedOnToolsVersion = 12.2;
					};
				};
			};
			buildConfigurationList = 6DFEC39625A82EC5002D8194 /* Build configuration list for PBXProject "TripDiary" */;
			compatibilityVersion = "Xcode 9.3";
			developmentRegion = en;
			hasScannedForEncodings = 0;
			knownRegions = (
				en,
				Base,
			);
			mainGroup = 6DFEC39225A82EC5002D8194;
			productRefGroup = 6DFEC39C25A82EC5002D8194 /* Products */;
			projectDirPath = "";
			projectRoot = "";
			targets = (
				6DFEC39A25A82EC5002D8194 /* TripDiary */,
			);
		};
/* End PBXProject section */

/* Begin PBXResourcesBuildPhase section */
		6DFEC39925A82EC5002D8194 /* Resources */ = {
			isa = PBXResourcesBuildPhase;
			buildActionMask = 2147483647;
			files = (
				6DFEC3AB25A82EC6002D8194 /* LaunchScreen.storyboard in Resources */,
				6D35584725B325C900DB13E0 /* GoogleService-Info.plist in Resources */,
				6DE8404725AAF3A600AE930F /* NanumSquareOTF_acEB.otf in Resources */,
				6DFEC3A825A82EC6002D8194 /* Assets.xcassets in Resources */,
				6DE8404925AAF3A600AE930F /* NanumSquareOTF_acR.otf in Resources */,
				6DE8404825AAF3A600AE930F /* NanumSquareOTF_acL.otf in Resources */,
				6DFEC3A625A82EC5002D8194 /* Main.storyboard in Resources */,
				6DE8404625AAF3A600AE930F /* NanumSquareOTF_acB.otf in Resources */,
				6D9699C525B8217B00D0B4BB /* DetailContentCell.xib in Resources */,
				6D35586725B33D2D00DB13E0 /* ContentCell.xib in Resources */,
			);
			runOnlyForDeploymentPostprocessing = 0;
		};
/* End PBXResourcesBuildPhase section */

/* Begin PBXShellScriptBuildPhase section */
		0C184AC6092BC371EED5F7BD /* [CP] Check Pods Manifest.lock */ = {
			isa = PBXShellScriptBuildPhase;
			buildActionMask = 2147483647;
			files = (
			);
			inputFileListPaths = (
			);
			inputPaths = (
				"${PODS_PODFILE_DIR_PATH}/Podfile.lock",
				"${PODS_ROOT}/Manifest.lock",
			);
			name = "[CP] Check Pods Manifest.lock";
			outputFileListPaths = (
			);
			outputPaths = (
				"$(DERIVED_FILE_DIR)/Pods-TripDiary-checkManifestLockResult.txt",
			);
			runOnlyForDeploymentPostprocessing = 0;
			shellPath = /bin/sh;
			shellScript = "diff \"${PODS_PODFILE_DIR_PATH}/Podfile.lock\" \"${PODS_ROOT}/Manifest.lock\" > /dev/null\nif [ $? != 0 ] ; then\n    # print error to STDERR\n    echo \"error: The sandbox is not in sync with the Podfile.lock. Run 'pod install' or update your CocoaPods installation.\" >&2\n    exit 1\nfi\n# This output is used by Xcode 'outputs' to avoid re-running this script phase.\necho \"SUCCESS\" > \"${SCRIPT_OUTPUT_FILE_0}\"\n";
			showEnvVarsInLog = 0;
		};
		6D1C8DF737A688476B02A451 /* [CP] Embed Pods Frameworks */ = {
			isa = PBXShellScriptBuildPhase;
			buildActionMask = 2147483647;
			files = (
			);
			inputFileListPaths = (
				"${PODS_ROOT}/Target Support Files/Pods-TripDiary/Pods-TripDiary-frameworks-${CONFIGURATION}-input-files.xcfilelist",
			);
			name = "[CP] Embed Pods Frameworks";
			outputFileListPaths = (
				"${PODS_ROOT}/Target Support Files/Pods-TripDiary/Pods-TripDiary-frameworks-${CONFIGURATION}-output-files.xcfilelist",
			);
			runOnlyForDeploymentPostprocessing = 0;
			shellPath = /bin/sh;
			shellScript = "\"${PODS_ROOT}/Target Support Files/Pods-TripDiary/Pods-TripDiary-frameworks.sh\"\n";
			showEnvVarsInLog = 0;
		};
/* End PBXShellScriptBuildPhase section */

/* Begin PBXSourcesBuildPhase section */
		6DFEC39725A82EC5002D8194 /* Sources */ = {
			isa = PBXSourcesBuildPhase;
			buildActionMask = 2147483647;
			files = (
				6D51E15C25AC7B06004CFFE1 /* FindPWViewController.swift in Sources */,
				6D9699AD25B744D700D0B4BB /* LoginModel.swift in Sources */,
				6D9699C425B8217B00D0B4BB /* DetailContentCell.swift in Sources */,
				6D35586225B33A7C00DB13E0 /* Content.swift in Sources */,
				6D9699A225B723D500D0B4BB /* APIManager.swift in Sources */,
				6DFEC3BA25A8595B002D8194 /* LoginViewController.swift in Sources */,
				6DFEC3A325A82EC5002D8194 /* MainViewController.swift in Sources */,
				6D35586E25B3426E00DB13E0 /* ContentViewController.swift in Sources */,
				6D35587125B3477000DB13E0 /* Constants.swift in Sources */,
				6DFEC39F25A82EC5002D8194 /* AppDelegate.swift in Sources */,
				6DB829C825A8D17A007F7BA1 /* RegisterViewController.swift in Sources */,
				6D9699BF25B76E9F00D0B4BB /* RegisterModel.swift in Sources */,
				6DFEC3A125A82EC5002D8194 /* SceneDelegate.swift in Sources */,
				6D35587425B3700200DB13E0 /* DetailTourViewController.swift in Sources */,
				6D35586625B33D2D00DB13E0 /* ContentCell.swift in Sources */,
			);
			runOnlyForDeploymentPostprocessing = 0;
		};
/* End PBXSourcesBuildPhase section */

/* Begin PBXVariantGroup section */
		6DFEC3A425A82EC5002D8194 /* Main.storyboard */ = {
			isa = PBXVariantGroup;
			children = (
				6DFEC3A525A82EC5002D8194 /* Base */,
			);
			name = Main.storyboard;
			sourceTree = "<group>";
		};
		6DFEC3A925A82EC6002D8194 /* LaunchScreen.storyboard */ = {
			isa = PBXVariantGroup;
			children = (
				6DFEC3AA25A82EC6002D8194 /* Base */,
			);
			name = LaunchScreen.storyboard;
			sourceTree = "<group>";
		};
/* End PBXVariantGroup section */

/* Begin XCBuildConfiguration section */
		6DFEC3AD25A82EC6002D8194 /* Debug */ = {
			isa = XCBuildConfiguration;
			buildSettings = {
				ALWAYS_SEARCH_USER_PATHS = NO;
				CLANG_ANALYZER_NONNULL = YES;
				CLANG_ANALYZER_NUMBER_OBJECT_CONVERSION = YES_AGGRESSIVE;
				CLANG_CXX_LANGUAGE_STANDARD = "gnu++14";
				CLANG_CXX_LIBRARY = "libc++";
				CLANG_ENABLE_MODULES = YES;
				CLANG_ENABLE_OBJC_ARC = YES;
				CLANG_ENABLE_OBJC_WEAK = YES;
				CLANG_WARN_BLOCK_CAPTURE_AUTORELEASING = YES;
				CLANG_WARN_BOOL_CONVERSION = YES;
				CLANG_WARN_COMMA = YES;
				CLANG_WARN_CONSTANT_CONVERSION = YES;
				CLANG_WARN_DEPRECATED_OBJC_IMPLEMENTATIONS = YES;
				CLANG_WARN_DIRECT_OBJC_ISA_USAGE = YES_ERROR;
				CLANG_WARN_DOCUMENTATION_COMMENTS = YES;
				CLANG_WARN_EMPTY_BODY = YES;
				CLANG_WARN_ENUM_CONVERSION = YES;
				CLANG_WARN_INFINITE_RECURSION = YES;
				CLANG_WARN_INT_CONVERSION = YES;
				CLANG_WARN_NON_LITERAL_NULL_CONVERSION = YES;
				CLANG_WARN_OBJC_IMPLICIT_RETAIN_SELF = YES;
				CLANG_WARN_OBJC_LITERAL_CONVERSION = YES;
				CLANG_WARN_OBJC_ROOT_CLASS = YES_ERROR;
				CLANG_WARN_QUOTED_INCLUDE_IN_FRAMEWORK_HEADER = YES;
				CLANG_WARN_RANGE_LOOP_ANALYSIS = YES;
				CLANG_WARN_STRICT_PROTOTYPES = YES;
				CLANG_WARN_SUSPICIOUS_MOVE = YES;
				CLANG_WARN_UNGUARDED_AVAILABILITY = YES_AGGRESSIVE;
				CLANG_WARN_UNREACHABLE_CODE = YES;
				CLANG_WARN__DUPLICATE_METHOD_MATCH = YES;
				COPY_PHASE_STRIP = NO;
				DEBUG_INFORMATION_FORMAT = dwarf;
				ENABLE_STRICT_OBJC_MSGSEND = YES;
				ENABLE_TESTABILITY = YES;
				GCC_C_LANGUAGE_STANDARD = gnu11;
				GCC_DYNAMIC_NO_PIC = NO;
				GCC_NO_COMMON_BLOCKS = YES;
				GCC_OPTIMIZATION_LEVEL = 0;
				GCC_PREPROCESSOR_DEFINITIONS = (
					"DEBUG=1",
					"$(inherited)",
				);
				GCC_WARN_64_TO_32_BIT_CONVERSION = YES;
				GCC_WARN_ABOUT_RETURN_TYPE = YES_ERROR;
				GCC_WARN_UNDECLARED_SELECTOR = YES;
				GCC_WARN_UNINITIALIZED_AUTOS = YES_AGGRESSIVE;
				GCC_WARN_UNUSED_FUNCTION = YES;
				GCC_WARN_UNUSED_VARIABLE = YES;
				IPHONEOS_DEPLOYMENT_TARGET = 14.2;
				MTL_ENABLE_DEBUG_INFO = INCLUDE_SOURCE;
				MTL_FAST_MATH = YES;
				ONLY_ACTIVE_ARCH = YES;
				SDKROOT = iphoneos;
				SWIFT_ACTIVE_COMPILATION_CONDITIONS = DEBUG;
				SWIFT_OPTIMIZATION_LEVEL = "-Onone";
			};
			name = Debug;
		};
		6DFEC3AE25A82EC6002D8194 /* Release */ = {
			isa = XCBuildConfiguration;
			buildSettings = {
				ALWAYS_SEARCH_USER_PATHS = NO;
				CLANG_ANALYZER_NONNULL = YES;
				CLANG_ANALYZER_NUMBER_OBJECT_CONVERSION = YES_AGGRESSIVE;
				CLANG_CXX_LANGUAGE_STANDARD = "gnu++14";
				CLANG_CXX_LIBRARY = "libc++";
				CLANG_ENABLE_MODULES = YES;
				CLANG_ENABLE_OBJC_ARC = YES;
				CLANG_ENABLE_OBJC_WEAK = YES;
				CLANG_WARN_BLOCK_CAPTURE_AUTORELEASING = YES;
				CLANG_WARN_BOOL_CONVERSION = YES;
				CLANG_WARN_COMMA = YES;
				CLANG_WARN_CONSTANT_CONVERSION = YES;
				CLANG_WARN_DEPRECATED_OBJC_IMPLEMENTATIONS = YES;
				CLANG_WARN_DIRECT_OBJC_ISA_USAGE = YES_ERROR;
				CLANG_WARN_DOCUMENTATION_COMMENTS = YES;
				CLANG_WARN_EMPTY_BODY = YES;
				CLANG_WARN_ENUM_CONVERSION = YES;
				CLANG_WARN_INFINITE_RECURSION = YES;
				CLANG_WARN_INT_CONVERSION = YES;
				CLANG_WARN_NON_LITERAL_NULL_CONVERSION = YES;
				CLANG_WARN_OBJC_IMPLICIT_RETAIN_SELF = YES;
				CLANG_WARN_OBJC_LITERAL_CONVERSION = YES;
				CLANG_WARN_OBJC_ROOT_CLASS = YES_ERROR;
				CLANG_WARN_QUOTED_INCLUDE_IN_FRAMEWORK_HEADER = YES;
				CLANG_WARN_RANGE_LOOP_ANALYSIS = YES;
				CLANG_WARN_STRICT_PROTOTYPES = YES;
				CLANG_WARN_SUSPICIOUS_MOVE = YES;
				CLANG_WARN_UNGUARDED_AVAILABILITY = YES_AGGRESSIVE;
				CLANG_WARN_UNREACHABLE_CODE = YES;
				CLANG_WARN__DUPLICATE_METHOD_MATCH = YES;
				COPY_PHASE_STRIP = NO;
				DEBUG_INFORMATION_FORMAT = "dwarf-with-dsym";
				ENABLE_NS_ASSERTIONS = NO;
				ENABLE_STRICT_OBJC_MSGSEND = YES;
				GCC_C_LANGUAGE_STANDARD = gnu11;
				GCC_NO_COMMON_BLOCKS = YES;
				GCC_WARN_64_TO_32_BIT_CONVERSION = YES;
				GCC_WARN_ABOUT_RETURN_TYPE = YES_ERROR;
				GCC_WARN_UNDECLARED_SELECTOR = YES;
				GCC_WARN_UNINITIALIZED_AUTOS = YES_AGGRESSIVE;
				GCC_WARN_UNUSED_FUNCTION = YES;
				GCC_WARN_UNUSED_VARIABLE = YES;
				IPHONEOS_DEPLOYMENT_TARGET = 14.2;
				MTL_ENABLE_DEBUG_INFO = NO;
				MTL_FAST_MATH = YES;
				SDKROOT = iphoneos;
				SWIFT_COMPILATION_MODE = wholemodule;
				SWIFT_OPTIMIZATION_LEVEL = "-O";
				VALIDATE_PRODUCT = YES;
			};
			name = Release;
		};
		6DFEC3B025A82EC6002D8194 /* Debug */ = {
			isa = XCBuildConfiguration;
			baseConfigurationReference = 6090B4ABC1EA3474821E18DD /* Pods-TripDiary.debug.xcconfig */;
			buildSettings = {
				ASSETCATALOG_COMPILER_APPICON_NAME = AppIcon;
				ASSETCATALOG_COMPILER_GLOBAL_ACCENT_COLOR_NAME = AccentColor;
				CODE_SIGN_STYLE = Automatic;
				DEVELOPMENT_TEAM = F6HDQBL953;
				INFOPLIST_FILE = TripDiary/Info.plist;
				LD_RUNPATH_SEARCH_PATHS = (
					"$(inherited)",
					"@executable_path/Frameworks",
				);
				PRODUCT_BUNDLE_IDENTIFIER = com.minsoon.TripDiary;
				PRODUCT_NAME = "$(TARGET_NAME)";
				SWIFT_VERSION = 5.0;
				TARGETED_DEVICE_FAMILY = "1,2";
			};
			name = Debug;
		};
		6DFEC3B125A82EC6002D8194 /* Release */ = {
			isa = XCBuildConfiguration;
			baseConfigurationReference = F4926338650F78D8D9BEC70B /* Pods-TripDiary.release.xcconfig */;
			buildSettings = {
				ASSETCATALOG_COMPILER_APPICON_NAME = AppIcon;
				ASSETCATALOG_COMPILER_GLOBAL_ACCENT_COLOR_NAME = AccentColor;
				CODE_SIGN_STYLE = Automatic;
				DEVELOPMENT_TEAM = F6HDQBL953;
				INFOPLIST_FILE = TripDiary/Info.plist;
				LD_RUNPATH_SEARCH_PATHS = (
					"$(inherited)",
					"@executable_path/Frameworks",
				);
				PRODUCT_BUNDLE_IDENTIFIER = com.minsoon.TripDiary;
				PRODUCT_NAME = "$(TARGET_NAME)";
				SWIFT_VERSION = 5.0;
				TARGETED_DEVICE_FAMILY = "1,2";
			};
			name = Release;
		};
/* End XCBuildConfiguration section */

/* Begin XCConfigurationList section */
		6DFEC39625A82EC5002D8194 /* Build configuration list for PBXProject "TripDiary" */ = {
			isa = XCConfigurationList;
			buildConfigurations = (
				6DFEC3AD25A82EC6002D8194 /* Debug */,
				6DFEC3AE25A82EC6002D8194 /* Release */,
			);
			defaultConfigurationIsVisible = 0;
			defaultConfigurationName = Release;
		};
		6DFEC3AF25A82EC6002D8194 /* Build configuration list for PBXNativeTarget "TripDiary" */ = {
			isa = XCConfigurationList;
			buildConfigurations = (
				6DFEC3B025A82EC6002D8194 /* Debug */,
				6DFEC3B125A82EC6002D8194 /* Release */,
			);
			defaultConfigurationIsVisible = 0;
			defaultConfigurationName = Release;
		};
/* End XCConfigurationList section */
	};
	rootObject = 6DFEC39325A82EC5002D8194 /* Project object */;
}
